
Microsoft Visual Studio Solution File, Format Version 12.00
# Visual Studio 2013
VisualStudioVersion = 12.0.30723.0
MinimumVisualStudioVersion = 10.0.40219.1
Project("{FAE04EC0-301F-11D3-BF4B-00C04F79EFBC}") = "D-graves", "D-graves\D-graves.csproj", "{7CD314A0-2138-4194-BACC-F58FD136679C}"
EndProject
Project("{FAE04EC0-301F-11D3-BF4B-00C04F79EFBC}") = "D-Corki", "D-Corki\D-Corki.csproj", "{1763A84D-62AF-4D9A-8628-64235BF9B062}"
EndProject
Project("{FAE04EC0-301F-11D3-BF4B-00C04F79EFBC}") = "D-Jarvan", "D-Jarvan\D-Jarvan.csproj", "{898C3076-831C-46E7-B004-BCA92FE2699C}"
EndProject
Project("{FAE04EC0-301F-11D3-BF4B-00C04F79EFBC}") = "D-Elise", "D-Elise\D-Elise.csproj", "{466BE24B-1909-4DE2-A870-0BF67BCDE371}"
EndProject
Project("{FAE04EC0-301F-11D3-BF4B-00C04F79EFBC}") = "D-Diana", "D-Diana\D-Diana.csproj", "{C08F10AA-EA7A-41E6-88F0-A257BDC841AB}"
EndProject
Project("{FAE04EC0-301F-11D3-BF4B-00C04F79EFBC}") = "D-Kayle", "D-Kayle\D-Kayle.csproj", "{2CA7FD10-B6F7-45D3-88DF-1C26A05F668D}"
EndProject
Global
	GlobalSection(SolutionConfigurationPlatforms) = preSolution
		Debug|Any CPU = Debug|Any CPU
		Release|Any CPU = Release|Any CPU
	EndGlobalSection
	GlobalSection(ProjectConfigurationPlatforms) = postSolution
		{7CD314A0-2138-4194-BACC-F58FD136679C}.Debug|Any CPU.ActiveCfg = Debug|Any CPU
		{7CD314A0-2138-4194-BACC-F58FD136679C}.Debug|Any CPU.Build.0 = Debug|Any CPU
		{7CD314A0-2138-4194-BACC-F58FD136679C}.Release|Any CPU.ActiveCfg = Release|Any CPU
		{7CD314A0-2138-4194-BACC-F58FD136679C}.Release|Any CPU.Build.0 = Release|Any CPU
		{1763A84D-62AF-4D9A-8628-64235BF9B062}.Debug|Any CPU.ActiveCfg = Debug|Any CPU
		{1763A84D-62AF-4D9A-8628-64235BF9B062}.Debug|Any CPU.Build.0 = Debug|Any CPU
		{1763A84D-62AF-4D9A-8628-64235BF9B062}.Release|Any CPU.ActiveCfg = Release|Any CPU
		{1763A84D-62AF-4D9A-8628-64235BF9B062}.Release|Any CPU.Build.0 = Release|Any CPU
		{898C3076-831C-46E7-B004-BCA92FE2699C}.Debug|Any CPU.ActiveCfg = Debug|Any CPU
		{898C3076-831C-46E7-B004-BCA92FE2699C}.Debug|Any CPU.Build.0 = Debug|Any CPU
		{898C3076-831C-46E7-B004-BCA92FE2699C}.Release|Any CPU.ActiveCfg = Release|Any CPU
		{898C3076-831C-46E7-B004-BCA92FE2699C}.Release|Any CPU.Build.0 = Release|Any CPU
		{466BE24B-1909-4DE2-A870-0BF67BCDE371}.Debug|Any CPU.ActiveCfg = Debug|Any CPU
		{466BE24B-1909-4DE2-A870-0BF67BCDE371}.Debug|Any CPU.Build.0 = Debug|Any CPU
		{466BE24B-1909-4DE2-A870-0BF67BCDE371}.Release|Any CPU.ActiveCfg = Release|Any CPU
		{466BE24B-1909-4DE2-A870-0BF67BCDE371}.Release|Any CPU.Build.0 = Release|Any CPU
		{C08F10AA-EA7A-41E6-88F0-A257BDC841AB}.Debug|Any CPU.ActiveCfg = Debug|Any CPU
		{C08F10AA-EA7A-41E6-88F0-A257BDC841AB}.Debug|Any CPU.Build.0 = Debug|Any CPU
		{C08F10AA-EA7A-41E6-88F0-A257BDC841AB}.Release|Any CPU.ActiveCfg = Release|Any CPU
		{C08F10AA-EA7A-41E6-88F0-A257BDC841AB}.Release|Any CPU.Build.0 = Release|Any CPU
		{2CA7FD10-B6F7-45D3-88DF-1C26A05F668D}.Debug|Any CPU.ActiveCfg = Debug|Any CPU
		{2CA7FD10-B6F7-45D3-88DF-1C26A05F668D}.Debug|Any CPU.Build.0 = Debug|Any CPU
		{2CA7FD10-B6F7-45D3-88DF-1C26A05F668D}.Release|Any CPU.ActiveCfg = Release|Any CPU
		{2CA7FD10-B6F7-45D3-88DF-1C26A05F668D}.Release|Any CPU.Build.0 = Release|Any CPU
	EndGlobalSection
	GlobalSection(SolutionProperties) = preSolution
		HideSolutionNode = FALSE
	EndGlobalSection
EndGlobal
